
Microsoft Visual Studio Solution File, Format Version 12.00
# Visual Studio 14
VisualStudioVersion = 14.0.23107.0
MinimumVisualStudioVersion = 10.0.40219.1
Project("{FAE04EC0-301F-11D3-BF4B-00C04F79EFBC}") = "Tacs", "Tacs\Tacs.csproj", "{B63B9A1F-810B-49C0-BF79-4CA0745CA46F}"
EndProject
Project("{FAE04EC0-301F-11D3-BF4B-00C04F79EFBC}") = "Tacs.Domain", "Tacs.Domain\Tacs.Domain.csproj", "{EAEEAEFD-30DD-4952-8C3C-1D3030B8C0ED}"
EndProject
Project("{FAE04EC0-301F-11D3-BF4B-00C04F79EFBC}") = "Tacs.Resources", "Tacs.Resources\Tacs.Resources.csproj", "{D5E0DED0-8FDB-46BF-9894-3C3890217C0F}"
EndProject
Global
	GlobalSection(SolutionConfigurationPlatforms) = preSolution
		Debug|Any CPU = Debug|Any CPU
		Release|Any CPU = Release|Any CPU
	EndGlobalSection
	GlobalSection(ProjectConfigurationPlatforms) = postSolution
		{B63B9A1F-810B-49C0-BF79-4CA0745CA46F}.Debug|Any CPU.ActiveCfg = Debug|Any CPU
		{B63B9A1F-810B-49C0-BF79-4CA0745CA46F}.Debug|Any CPU.Build.0 = Debug|Any CPU
		{B63B9A1F-810B-49C0-BF79-4CA0745CA46F}.Release|Any CPU.ActiveCfg = Release|Any CPU
		{B63B9A1F-810B-49C0-BF79-4CA0745CA46F}.Release|Any CPU.Build.0 = Release|Any CPU
		{EAEEAEFD-30DD-4952-8C3C-1D3030B8C0ED}.Debug|Any CPU.ActiveCfg = Debug|Any CPU
		{EAEEAEFD-30DD-4952-8C3C-1D3030B8C0ED}.Debug|Any CPU.Build.0 = Debug|Any CPU
		{EAEEAEFD-30DD-4952-8C3C-1D3030B8C0ED}.Release|Any CPU.ActiveCfg = Release|Any CPU
		{EAEEAEFD-30DD-4952-8C3C-1D3030B8C0ED}.Release|Any CPU.Build.0 = Release|Any CPU
		{D5E0DED0-8FDB-46BF-9894-3C3890217C0F}.Debug|Any CPU.ActiveCfg = Debug|Any CPU
		{D5E0DED0-8FDB-46BF-9894-3C3890217C0F}.Debug|Any CPU.Build.0 = Debug|Any CPU
		{D5E0DED0-8FDB-46BF-9894-3C3890217C0F}.Release|Any CPU.ActiveCfg = Release|Any CPU
		{D5E0DED0-8FDB-46BF-9894-3C3890217C0F}.Release|Any CPU.Build.0 = Release|Any CPU
	EndGlobalSection
	GlobalSection(SolutionProperties) = preSolution
		HideSolutionNode = FALSE
	EndGlobalSection
EndGlobal
